// !$*UTF8*$!
{
	archiveVersion = 1;
	classes = {
	};
	objectVersion = 56;
	objects = {

/* Begin PBXBuildFile section */
		504601AD2C919D4000FCC20A /* moovuptestApp.swift in Sources */ = {isa = PBXBuildFile; fileRef = 504601AC2C919D4000FCC20A /* moovuptestApp.swift */; };
		504601AF2C919D4000FCC20A /* TabsView.swift in Sources */ = {isa = PBXBuildFile; fileRef = 504601AE2C919D4000FCC20A /* TabsView.swift */; };
		504601B12C919D4100FCC20A /* Assets.xcassets in Resources */ = {isa = PBXBuildFile; fileRef = 504601B02C919D4100FCC20A /* Assets.xcassets */; };
		504601B42C919D4100FCC20A /* Preview Assets.xcassets in Resources */ = {isa = PBXBuildFile; fileRef = 504601B32C919D4100FCC20A /* Preview Assets.xcassets */; };
		504601BE2C919D4100FCC20A /* moovuptestTests.swift in Sources */ = {isa = PBXBuildFile; fileRef = 504601BD2C919D4100FCC20A /* moovuptestTests.swift */; };
		504601C82C919D4100FCC20A /* moovuptestUITests.swift in Sources */ = {isa = PBXBuildFile; fileRef = 504601C72C919D4100FCC20A /* moovuptestUITests.swift */; };
		504601CA2C919D4100FCC20A /* moovuptestUITestsLaunchTests.swift in Sources */ = {isa = PBXBuildFile; fileRef = 504601C92C919D4100FCC20A /* moovuptestUITestsLaunchTests.swift */; };
		504601E72C91A9E100FCC20A /* Alamofire in Frameworks */ = {isa = PBXBuildFile; productRef = 504601E62C91A9E100FCC20A /* Alamofire */; };
		504601EE2C92C79800FCC20A /* ListView.swift in Sources */ = {isa = PBXBuildFile; fileRef = 504601ED2C92C79800FCC20A /* ListView.swift */; };
		504601F12C92C7B800FCC20A /* MapView.swift in Sources */ = {isa = PBXBuildFile; fileRef = 504601F02C92C7B800FCC20A /* MapView.swift */; };
		504601F32C92CB4800FCC20A /* PeopleViewModel.swift in Sources */ = {isa = PBXBuildFile; fileRef = 504601F22C92CB4800FCC20A /* PeopleViewModel.swift */; };
		504601F82C92CF3500FCC20A /* Users.swift in Sources */ = {isa = PBXBuildFile; fileRef = 504601F72C92CF3500FCC20A /* Users.swift */; };
		504601F92C92CF3500FCC20A /* Users.swift in Sources */ = {isa = PBXBuildFile; fileRef = 504601F72C92CF3500FCC20A /* Users.swift */; };
		504601FB2C92D26D00FCC20A /* ApiServices.swift in Sources */ = {isa = PBXBuildFile; fileRef = 504601FA2C92D26D00FCC20A /* ApiServices.swift */; };
		504601FC2C92D26D00FCC20A /* ApiServices.swift in Sources */ = {isa = PBXBuildFile; fileRef = 504601FA2C92D26D00FCC20A /* ApiServices.swift */; };
		504602012C92D3DE00FCC20A /* BundleExtension.swift in Sources */ = {isa = PBXBuildFile; fileRef = 504602002C92D3DE00FCC20A /* BundleExtension.swift */; };
		504602022C92D3DE00FCC20A /* BundleExtension.swift in Sources */ = {isa = PBXBuildFile; fileRef = 504602002C92D3DE00FCC20A /* BundleExtension.swift */; };
		5046020D2C92EB9C00FCC20A /* TabsViewModel.swift in Sources */ = {isa = PBXBuildFile; fileRef = 5046020C2C92EB9C00FCC20A /* TabsViewModel.swift */; };
		504602122C94063F00FCC20A /* PeopleItemView.swift in Sources */ = {isa = PBXBuildFile; fileRef = 504602112C94063F00FCC20A /* PeopleItemView.swift */; };
		504602152C940B4900FCC20A /* SDWebImageSwiftUI in Frameworks */ = {isa = PBXBuildFile; productRef = 504602142C940B4900FCC20A /* SDWebImageSwiftUI */; };
		504602172C941AFD00FCC20A /* ViewExtension.swift in Sources */ = {isa = PBXBuildFile; fileRef = 504602162C941AFD00FCC20A /* ViewExtension.swift */; };
		5046021A2C9484CD00FCC20A /* Navigation.swift in Sources */ = {isa = PBXBuildFile; fileRef = 504602192C9484CD00FCC20A /* Navigation.swift */; };
		5046021C2C94851B00FCC20A /* Navigation+TargetView.swift in Sources */ = {isa = PBXBuildFile; fileRef = 5046021B2C94851B00FCC20A /* Navigation+TargetView.swift */; };
		5046021E2C94856500FCC20A /* NavigationModifier.swift in Sources */ = {isa = PBXBuildFile; fileRef = 5046021D2C94856500FCC20A /* NavigationModifier.swift */; };
		504602212C94862100FCC20A /* PeopleDetailsView.swift in Sources */ = {isa = PBXBuildFile; fileRef = 504602202C94862100FCC20A /* PeopleDetailsView.swift */; };
		504602232C94863A00FCC20A /* PeopleDetailsViewModel.swift in Sources */ = {isa = PBXBuildFile; fileRef = 504602222C94863A00FCC20A /* PeopleDetailsViewModel.swift */; };
		504602252C94899200FCC20A /* ObjectIdentifierHashable.swift in Sources */ = {isa = PBXBuildFile; fileRef = 504602242C94899200FCC20A /* ObjectIdentifierHashable.swift */; };
		504602272C948A1100FCC20A /* View+Extension.swift in Sources */ = {isa = PBXBuildFile; fileRef = 504602262C948A1100FCC20A /* View+Extension.swift */; };
		5046022A2C948AD400FCC20A /* ModalPresentationProvider.swift in Sources */ = {isa = PBXBuildFile; fileRef = 504602292C948AD400FCC20A /* ModalPresentationProvider.swift */; };
		5046022E2C948CBD00FCC20A /* ModalModifier.swift in Sources */ = {isa = PBXBuildFile; fileRef = 5046022D2C948CBD00FCC20A /* ModalModifier.swift */; };
		504602312C948DD700FCC20A /* ModalPresentationProviderViewModel.swift in Sources */ = {isa = PBXBuildFile; fileRef = 504602302C948DD700FCC20A /* ModalPresentationProviderViewModel.swift */; };
		504602342C949B4F00FCC20A /* GoogleMaps in Frameworks */ = {isa = PBXBuildFile; productRef = 504602332C949B4F00FCC20A /* GoogleMaps */; };
		504602362C949BF800FCC20A /* AppDelegate.swift in Sources */ = {isa = PBXBuildFile; fileRef = 504602352C949BF800FCC20A /* AppDelegate.swift */; };
		5046023B2C94A0D800FCC20A /* GoogleMapsView.swift in Sources */ = {isa = PBXBuildFile; fileRef = 5046023A2C94A0D800FCC20A /* GoogleMapsView.swift */; };
		504602452C95D6AC00FCC20A /* ListViewModel.swift in Sources */ = {isa = PBXBuildFile; fileRef = 504602442C95D6AC00FCC20A /* ListViewModel.swift */; };
		504602472C95DD2100FCC20A /* MapViewModel.swift in Sources */ = {isa = PBXBuildFile; fileRef = 504602462C95DD2100FCC20A /* MapViewModel.swift */; };
		504602492C973E0700FCC20A /* TestCaseExtension.swift in Sources */ = {isa = PBXBuildFile; fileRef = 504602482C973E0700FCC20A /* TestCaseExtension.swift */; };
/* End PBXBuildFile section */

/* Begin PBXContainerItemProxy section */
		504601BA2C919D4100FCC20A /* PBXContainerItemProxy */ = {
			isa = PBXContainerItemProxy;
			containerPortal = 504601A12C919D4000FCC20A /* Project object */;
			proxyType = 1;
			remoteGlobalIDString = 504601A82C919D4000FCC20A;
			remoteInfo = moovuptest;
		};
		504601C42C919D4100FCC20A /* PBXContainerItemProxy */ = {
			isa = PBXContainerItemProxy;
			containerPortal = 504601A12C919D4000FCC20A /* Project object */;
			proxyType = 1;
			remoteGlobalIDString = 504601A82C919D4000FCC20A;
			remoteInfo = moovuptest;
		};
/* End PBXContainerItemProxy section */

/* Begin PBXFileReference section */
		504601A92C919D4000FCC20A /* moovuptest.app */ = {isa = PBXFileReference; explicitFileType = wrapper.application; includeInIndex = 0; path = moovuptest.app; sourceTree = BUILT_PRODUCTS_DIR; };
		504601AC2C919D4000FCC20A /* moovuptestApp.swift */ = {isa = PBXFileReference; lastKnownFileType = sourcecode.swift; path = moovuptestApp.swift; sourceTree = "<group>"; };
		504601AE2C919D4000FCC20A /* TabsView.swift */ = {isa = PBXFileReference; lastKnownFileType = sourcecode.swift; path = TabsView.swift; sourceTree = "<group>"; };
		504601B02C919D4100FCC20A /* Assets.xcassets */ = {isa = PBXFileReference; lastKnownFileType = folder.assetcatalog; path = Assets.xcassets; sourceTree = "<group>"; };
		504601B32C919D4100FCC20A /* Preview Assets.xcassets */ = {isa = PBXFileReference; lastKnownFileType = folder.assetcatalog; path = "Preview Assets.xcassets"; sourceTree = "<group>"; };
		504601B92C919D4100FCC20A /* moovuptestTests.xctest */ = {isa = PBXFileReference; explicitFileType = wrapper.cfbundle; includeInIndex = 0; path = moovuptestTests.xctest; sourceTree = BUILT_PRODUCTS_DIR; };
		504601BD2C919D4100FCC20A /* moovuptestTests.swift */ = {isa = PBXFileReference; lastKnownFileType = sourcecode.swift; path = moovuptestTests.swift; sourceTree = "<group>"; };
		504601C32C919D4100FCC20A /* moovuptestUITests.xctest */ = {isa = PBXFileReference; explicitFileType = wrapper.cfbundle; includeInIndex = 0; path = moovuptestUITests.xctest; sourceTree = BUILT_PRODUCTS_DIR; };
		504601C72C919D4100FCC20A /* moovuptestUITests.swift */ = {isa = PBXFileReference; lastKnownFileType = sourcecode.swift; path = moovuptestUITests.swift; sourceTree = "<group>"; };
		504601C92C919D4100FCC20A /* moovuptestUITestsLaunchTests.swift */ = {isa = PBXFileReference; lastKnownFileType = sourcecode.swift; path = moovuptestUITestsLaunchTests.swift; sourceTree = "<group>"; };
		504601ED2C92C79800FCC20A /* ListView.swift */ = {isa = PBXFileReference; lastKnownFileType = sourcecode.swift; path = ListView.swift; sourceTree = "<group>"; };
		504601F02C92C7B800FCC20A /* MapView.swift */ = {isa = PBXFileReference; lastKnownFileType = sourcecode.swift; path = MapView.swift; sourceTree = "<group>"; };
		504601F22C92CB4800FCC20A /* PeopleViewModel.swift */ = {isa = PBXFileReference; lastKnownFileType = sourcecode.swift; path = PeopleViewModel.swift; sourceTree = "<group>"; };
		504601F72C92CF3500FCC20A /* Users.swift */ = {isa = PBXFileReference; lastKnownFileType = sourcecode.swift; path = Users.swift; sourceTree = "<group>"; };
		504601FA2C92D26D00FCC20A /* ApiServices.swift */ = {isa = PBXFileReference; lastKnownFileType = sourcecode.swift; path = ApiServices.swift; sourceTree = "<group>"; };
		504602002C92D3DE00FCC20A /* BundleExtension.swift */ = {isa = PBXFileReference; lastKnownFileType = sourcecode.swift; path = BundleExtension.swift; sourceTree = "<group>"; };
		504602032C92D4F500FCC20A /* shared.xcconfig */ = {isa = PBXFileReference; lastKnownFileType = text.xcconfig; path = shared.xcconfig; sourceTree = "<group>"; };
		5046020C2C92EB9C00FCC20A /* TabsViewModel.swift */ = {isa = PBXFileReference; lastKnownFileType = sourcecode.swift; path = TabsViewModel.swift; sourceTree = "<group>"; };
		504602112C94063F00FCC20A /* PeopleItemView.swift */ = {isa = PBXFileReference; lastKnownFileType = sourcecode.swift; path = PeopleItemView.swift; sourceTree = "<group>"; };
		504602162C941AFD00FCC20A /* ViewExtension.swift */ = {isa = PBXFileReference; lastKnownFileType = sourcecode.swift; path = ViewExtension.swift; sourceTree = "<group>"; };
		504602192C9484CD00FCC20A /* Navigation.swift */ = {isa = PBXFileReference; lastKnownFileType = sourcecode.swift; path = Navigation.swift; sourceTree = "<group>"; };
		5046021B2C94851B00FCC20A /* Navigation+TargetView.swift */ = {isa = PBXFileReference; lastKnownFileType = sourcecode.swift; path = "Navigation+TargetView.swift"; sourceTree = "<group>"; };
		5046021D2C94856500FCC20A /* NavigationModifier.swift */ = {isa = PBXFileReference; lastKnownFileType = sourcecode.swift; path = NavigationModifier.swift; sourceTree = "<group>"; };
		504602202C94862100FCC20A /* PeopleDetailsView.swift */ = {isa = PBXFileReference; lastKnownFileType = sourcecode.swift; path = PeopleDetailsView.swift; sourceTree = "<group>"; };
		504602222C94863A00FCC20A /* PeopleDetailsViewModel.swift */ = {isa = PBXFileReference; lastKnownFileType = sourcecode.swift; path = PeopleDetailsViewModel.swift; sourceTree = "<group>"; };
		504602242C94899200FCC20A /* ObjectIdentifierHashable.swift */ = {isa = PBXFileReference; lastKnownFileType = sourcecode.swift; path = ObjectIdentifierHashable.swift; sourceTree = "<group>"; };
		504602262C948A1100FCC20A /* View+Extension.swift */ = {isa = PBXFileReference; lastKnownFileType = sourcecode.swift; path = "View+Extension.swift"; sourceTree = "<group>"; };
		504602292C948AD400FCC20A /* ModalPresentationProvider.swift */ = {isa = PBXFileReference; lastKnownFileType = sourcecode.swift; path = ModalPresentationProvider.swift; sourceTree = "<group>"; };
		5046022D2C948CBD00FCC20A /* ModalModifier.swift */ = {isa = PBXFileReference; lastKnownFileType = sourcecode.swift; path = ModalModifier.swift; sourceTree = "<group>"; };
		504602302C948DD700FCC20A /* ModalPresentationProviderViewModel.swift */ = {isa = PBXFileReference; lastKnownFileType = sourcecode.swift; path = ModalPresentationProviderViewModel.swift; sourceTree = "<group>"; };
		504602352C949BF800FCC20A /* AppDelegate.swift */ = {isa = PBXFileReference; lastKnownFileType = sourcecode.swift; path = AppDelegate.swift; sourceTree = "<group>"; };
		5046023A2C94A0D800FCC20A /* GoogleMapsView.swift */ = {isa = PBXFileReference; lastKnownFileType = sourcecode.swift; path = GoogleMapsView.swift; sourceTree = "<group>"; };
		504602442C95D6AC00FCC20A /* ListViewModel.swift */ = {isa = PBXFileReference; lastKnownFileType = sourcecode.swift; path = ListViewModel.swift; sourceTree = "<group>"; };
		504602462C95DD2100FCC20A /* MapViewModel.swift */ = {isa = PBXFileReference; lastKnownFileType = sourcecode.swift; path = MapViewModel.swift; sourceTree = "<group>"; };
		504602482C973E0700FCC20A /* TestCaseExtension.swift */ = {isa = PBXFileReference; lastKnownFileType = sourcecode.swift; path = TestCaseExtension.swift; sourceTree = "<group>"; };
/* End PBXFileReference section */

/* Begin PBXFrameworksBuildPhase section */
		504601A62C919D4000FCC20A /* Frameworks */ = {
			isa = PBXFrameworksBuildPhase;
			buildActionMask = 2147483647;
			files = (
				504602152C940B4900FCC20A /* SDWebImageSwiftUI in Frameworks */,
				504601E72C91A9E100FCC20A /* Alamofire in Frameworks */,
				504602342C949B4F00FCC20A /* GoogleMaps in Frameworks */,
			);
			runOnlyForDeploymentPostprocessing = 0;
		};
		504601B62C919D4100FCC20A /* Frameworks */ = {
			isa = PBXFrameworksBuildPhase;
			buildActionMask = 2147483647;
			files = (
			);
			runOnlyForDeploymentPostprocessing = 0;
		};
		504601C02C919D4100FCC20A /* Frameworks */ = {
			isa = PBXFrameworksBuildPhase;
			buildActionMask = 2147483647;
			files = (
			);
			runOnlyForDeploymentPostprocessing = 0;
		};
/* End PBXFrameworksBuildPhase section */

/* Begin PBXGroup section */
		504601A02C919D4000FCC20A = {
			isa = PBXGroup;
			children = (
				504601AB2C919D4000FCC20A /* moovuptest */,
				504601BC2C919D4100FCC20A /* moovuptestTests */,
				504601C62C919D4100FCC20A /* moovuptestUITests */,
				504601AA2C919D4000FCC20A /* Products */,
			);
			sourceTree = "<group>";
		};
		504601AA2C919D4000FCC20A /* Products */ = {
			isa = PBXGroup;
			children = (
				504601A92C919D4000FCC20A /* moovuptest.app */,
				504601B92C919D4100FCC20A /* moovuptestTests.xctest */,
				504601C32C919D4100FCC20A /* moovuptestUITests.xctest */,
			);
			name = Products;
			sourceTree = "<group>";
		};
		504601AB2C919D4000FCC20A /* moovuptest */ = {
			isa = PBXGroup;
			children = (
				504602052C92D85A00FCC20A /* System */,
				504601FD2C92D2EA00FCC20A /* Configs */,
				504601E82C92C6E700FCC20A /* UI */,
				504601EA2C92C75900FCC20A /* Services */,
				504601F52C92CD3500FCC20A /* Models */,
				504601FE2C92D39A00FCC20A /* Utilities */,
				504601E92C92C71000FCC20A /* Resources */,
				504601B22C919D4100FCC20A /* Preview Content */,
			);
			path = moovuptest;
			sourceTree = "<group>";
		};
		504601B22C919D4100FCC20A /* Preview Content */ = {
			isa = PBXGroup;
			children = (
				504601B32C919D4100FCC20A /* Preview Assets.xcassets */,
			);
			path = "Preview Content";
			sourceTree = "<group>";
		};
		504601BC2C919D4100FCC20A /* moovuptestTests */ = {
			isa = PBXGroup;
			children = (
				504601BD2C919D4100FCC20A /* moovuptestTests.swift */,
				504602482C973E0700FCC20A /* TestCaseExtension.swift */,
			);
			path = moovuptestTests;
			sourceTree = "<group>";
		};
		504601C62C919D4100FCC20A /* moovuptestUITests */ = {
			isa = PBXGroup;
			children = (
				504601C72C919D4100FCC20A /* moovuptestUITests.swift */,
				504601C92C919D4100FCC20A /* moovuptestUITestsLaunchTests.swift */,
			);
			path = moovuptestUITests;
			sourceTree = "<group>";
		};
		504601E82C92C6E700FCC20A /* UI */ = {
			isa = PBXGroup;
			children = (
				504601AE2C919D4000FCC20A /* TabsView.swift */,
				5046020C2C92EB9C00FCC20A /* TabsViewModel.swift */,
				504602282C948AC300FCC20A /* Common */,
				504602372C949D2300FCC20A /* Map */,
				504602102C9405AC00FCC20A /* DisplayPeople */,
			);
			path = UI;
			sourceTree = "<group>";
		};
		504601E92C92C71000FCC20A /* Resources */ = {
			isa = PBXGroup;
			children = (
				504601B02C919D4100FCC20A /* Assets.xcassets */,
			);
			path = Resources;
			sourceTree = "<group>";
		};
		504601EA2C92C75900FCC20A /* Services */ = {
			isa = PBXGroup;
			children = (
				504601FA2C92D26D00FCC20A /* ApiServices.swift */,
			);
			path = Services;
			sourceTree = "<group>";
		};
		504601F52C92CD3500FCC20A /* Models */ = {
			isa = PBXGroup;
			children = (
				504601F62C92CD3E00FCC20A /* API */,
			);
			path = Models;
			sourceTree = "<group>";
		};
		504601F62C92CD3E00FCC20A /* API */ = {
			isa = PBXGroup;
			children = (
				504601F72C92CF3500FCC20A /* Users.swift */,
			);
			path = API;
			sourceTree = "<group>";
		};
		504601FD2C92D2EA00FCC20A /* Configs */ = {
			isa = PBXGroup;
			children = (
				504602032C92D4F500FCC20A /* shared.xcconfig */,
			);
			path = Configs;
			sourceTree = "<group>";
		};
		504601FE2C92D39A00FCC20A /* Utilities */ = {
			isa = PBXGroup;
			children = (
				504601FF2C92D3C500FCC20A /* Extension */,
			);
			path = Utilities;
			sourceTree = "<group>";
		};
		504601FF2C92D3C500FCC20A /* Extension */ = {
			isa = PBXGroup;
			children = (
				504602002C92D3DE00FCC20A /* BundleExtension.swift */,
				504602162C941AFD00FCC20A /* ViewExtension.swift */,
				504602242C94899200FCC20A /* ObjectIdentifierHashable.swift */,
				504602262C948A1100FCC20A /* View+Extension.swift */,
			);
			path = Extension;
			sourceTree = "<group>";
		};
		504602052C92D85A00FCC20A /* System */ = {
			isa = PBXGroup;
			children = (
				504601AC2C919D4000FCC20A /* moovuptestApp.swift */,
				504602352C949BF800FCC20A /* AppDelegate.swift */,
			);
			path = System;
			sourceTree = "<group>";
		};
		5046020F2C9404EE00FCC20A /* Cell */ = {
			isa = PBXGroup;
			children = (
				504602112C94063F00FCC20A /* PeopleItemView.swift */,
			);
			path = Cell;
			sourceTree = "<group>";
		};
		504602102C9405AC00FCC20A /* DisplayPeople */ = {
			isa = PBXGroup;
			children = (
				5046021F2C94860200FCC20A /* PeopleDetails */,
				504601ED2C92C79800FCC20A /* ListView.swift */,
				504602442C95D6AC00FCC20A /* ListViewModel.swift */,
				504601F02C92C7B800FCC20A /* MapView.swift */,
				504602462C95DD2100FCC20A /* MapViewModel.swift */,
				504601F22C92CB4800FCC20A /* PeopleViewModel.swift */,
				5046020F2C9404EE00FCC20A /* Cell */,
			);
			path = DisplayPeople;
			sourceTree = "<group>";
		};
		504602182C9484B600FCC20A /* Navigation */ = {
			isa = PBXGroup;
			children = (
				504602192C9484CD00FCC20A /* Navigation.swift */,
				5046021B2C94851B00FCC20A /* Navigation+TargetView.swift */,
				5046021D2C94856500FCC20A /* NavigationModifier.swift */,
			);
			path = Navigation;
			sourceTree = "<group>";
		};
		5046021F2C94860200FCC20A /* PeopleDetails */ = {
			isa = PBXGroup;
			children = (
				504602202C94862100FCC20A /* PeopleDetailsView.swift */,
				504602222C94863A00FCC20A /* PeopleDetailsViewModel.swift */,
			);
			path = PeopleDetails;
			sourceTree = "<group>";
		};
		504602282C948AC300FCC20A /* Common */ = {
			isa = PBXGroup;
			children = (
				5046022F2C948CE900FCC20A /* ModalPresentation */,
				504602182C9484B600FCC20A /* Navigation */,
			);
			path = Common;
			sourceTree = "<group>";
		};
		5046022F2C948CE900FCC20A /* ModalPresentation */ = {
			isa = PBXGroup;
			children = (
				504602292C948AD400FCC20A /* ModalPresentationProvider.swift */,
				504602302C948DD700FCC20A /* ModalPresentationProviderViewModel.swift */,
				5046022D2C948CBD00FCC20A /* ModalModifier.swift */,
			);
			path = ModalPresentation;
			sourceTree = "<group>";
		};
		504602372C949D2300FCC20A /* Map */ = {
			isa = PBXGroup;
			children = (
				5046023A2C94A0D800FCC20A /* GoogleMapsView.swift */,
			);
			path = Map;
			sourceTree = "<group>";
		};
/* End PBXGroup section */

/* Begin PBXNativeTarget section */
		504601A82C919D4000FCC20A /* moovuptest */ = {
			isa = PBXNativeTarget;
			buildConfigurationList = 504601CD2C919D4100FCC20A /* Build configuration list for PBXNativeTarget "moovuptest" */;
			buildPhases = (
				504601A52C919D4000FCC20A /* Sources */,
				504601A62C919D4000FCC20A /* Frameworks */,
				504601A72C919D4000FCC20A /* Resources */,
			);
			buildRules = (
			);
			dependencies = (
			);
			name = moovuptest;
			packageProductDependencies = (
				504601E62C91A9E100FCC20A /* Alamofire */,
				504602142C940B4900FCC20A /* SDWebImageSwiftUI */,
				504602332C949B4F00FCC20A /* GoogleMaps */,
			);
			productName = moovuptest;
			productReference = 504601A92C919D4000FCC20A /* moovuptest.app */;
			productType = "com.apple.product-type.application";
		};
		504601B82C919D4100FCC20A /* moovuptestTests */ = {
			isa = PBXNativeTarget;
			buildConfigurationList = 504601D02C919D4100FCC20A /* Build configuration list for PBXNativeTarget "moovuptestTests" */;
			buildPhases = (
				504601B52C919D4100FCC20A /* Sources */,
				504601B62C919D4100FCC20A /* Frameworks */,
				504601B72C919D4100FCC20A /* Resources */,
			);
			buildRules = (
			);
			dependencies = (
				504601BB2C919D4100FCC20A /* PBXTargetDependency */,
			);
			name = moovuptestTests;
			productName = moovuptestTests;
			productReference = 504601B92C919D4100FCC20A /* moovuptestTests.xctest */;
			productType = "com.apple.product-type.bundle.unit-test";
		};
		504601C22C919D4100FCC20A /* moovuptestUITests */ = {
			isa = PBXNativeTarget;
			buildConfigurationList = 504601D32C919D4100FCC20A /* Build configuration list for PBXNativeTarget "moovuptestUITests" */;
			buildPhases = (
				504601BF2C919D4100FCC20A /* Sources */,
				504601C02C919D4100FCC20A /* Frameworks */,
				504601C12C919D4100FCC20A /* Resources */,
			);
			buildRules = (
			);
			dependencies = (
				504601C52C919D4100FCC20A /* PBXTargetDependency */,
			);
			name = moovuptestUITests;
			productName = moovuptestUITests;
			productReference = 504601C32C919D4100FCC20A /* moovuptestUITests.xctest */;
			productType = "com.apple.product-type.bundle.ui-testing";
		};
/* End PBXNativeTarget section */

/* Begin PBXProject section */
		504601A12C919D4000FCC20A /* Project object */ = {
			isa = PBXProject;
			attributes = {
				BuildIndependentTargetsInParallel = 1;
				LastSwiftUpdateCheck = 1540;
				LastUpgradeCheck = 1540;
				TargetAttributes = {
					504601A82C919D4000FCC20A = {
						CreatedOnToolsVersion = 15.4;
					};
					504601B82C919D4100FCC20A = {
						CreatedOnToolsVersion = 15.4;
						TestTargetID = 504601A82C919D4000FCC20A;
					};
					504601C22C919D4100FCC20A = {
						CreatedOnToolsVersion = 15.4;
						TestTargetID = 504601A82C919D4000FCC20A;
					};
				};
			};
			buildConfigurationList = 504601A42C919D4000FCC20A /* Build configuration list for PBXProject "moovuptest" */;
			compatibilityVersion = "Xcode 14.0";
			developmentRegion = en;
			hasScannedForEncodings = 0;
			knownRegions = (
				en,
				Base,
			);
			mainGroup = 504601A02C919D4000FCC20A;
			packageReferences = (
				504601E52C91A9E100FCC20A /* XCRemoteSwiftPackageReference "Alamofire" */,
				504602132C940B4900FCC20A /* XCRemoteSwiftPackageReference "SDWebImageSwiftUI" */,
				504602322C949B4E00FCC20A /* XCRemoteSwiftPackageReference "ios-maps-sdk" */,
			);
			productRefGroup = 504601AA2C919D4000FCC20A /* Products */;
			projectDirPath = "";
			projectRoot = "";
			targets = (
				504601A82C919D4000FCC20A /* moovuptest */,
				504601B82C919D4100FCC20A /* moovuptestTests */,
				504601C22C919D4100FCC20A /* moovuptestUITests */,
			);
		};
/* End PBXProject section */

/* Begin PBXResourcesBuildPhase section */
		504601A72C919D4000FCC20A /* Resources */ = {
			isa = PBXResourcesBuildPhase;
			buildActionMask = 2147483647;
			files = (
				504601B42C919D4100FCC20A /* Preview Assets.xcassets in Resources */,
				504601B12C919D4100FCC20A /* Assets.xcassets in Resources */,
			);
			runOnlyForDeploymentPostprocessing = 0;
		};
		504601B72C919D4100FCC20A /* Resources */ = {
			isa = PBXResourcesBuildPhase;
			buildActionMask = 2147483647;
			files = (
			);
			runOnlyForDeploymentPostprocessing = 0;
		};
		504601C12C919D4100FCC20A /* Resources */ = {
			isa = PBXResourcesBuildPhase;
			buildActionMask = 2147483647;
			files = (
			);
			runOnlyForDeploymentPostprocessing = 0;
		};
/* End PBXResourcesBuildPhase section */

/* Begin PBXSourcesBuildPhase section */
		504601A52C919D4000FCC20A /* Sources */ = {
			isa = PBXSourcesBuildPhase;
			buildActionMask = 2147483647;
			files = (
				5046023B2C94A0D800FCC20A /* GoogleMapsView.swift in Sources */,
				504602362C949BF800FCC20A /* AppDelegate.swift in Sources */,
				504602122C94063F00FCC20A /* PeopleItemView.swift in Sources */,
				504601EE2C92C79800FCC20A /* ListView.swift in Sources */,
				5046021E2C94856500FCC20A /* NavigationModifier.swift in Sources */,
				504601FB2C92D26D00FCC20A /* ApiServices.swift in Sources */,
				504602472C95DD2100FCC20A /* MapViewModel.swift in Sources */,
				5046021A2C9484CD00FCC20A /* Navigation.swift in Sources */,
				504601AF2C919D4000FCC20A /* TabsView.swift in Sources */,
				504602252C94899200FCC20A /* ObjectIdentifierHashable.swift in Sources */,
				5046021C2C94851B00FCC20A /* Navigation+TargetView.swift in Sources */,
				504601F12C92C7B800FCC20A /* MapView.swift in Sources */,
				504601F32C92CB4800FCC20A /* PeopleViewModel.swift in Sources */,
				504602172C941AFD00FCC20A /* ViewExtension.swift in Sources */,
				504601F82C92CF3500FCC20A /* Users.swift in Sources */,
				504602452C95D6AC00FCC20A /* ListViewModel.swift in Sources */,
				504601AD2C919D4000FCC20A /* moovuptestApp.swift in Sources */,
				5046022E2C948CBD00FCC20A /* ModalModifier.swift in Sources */,
				504602312C948DD700FCC20A /* ModalPresentationProviderViewModel.swift in Sources */,
				504602212C94862100FCC20A /* PeopleDetailsView.swift in Sources */,
				5046020D2C92EB9C00FCC20A /* TabsViewModel.swift in Sources */,
				5046022A2C948AD400FCC20A /* ModalPresentationProvider.swift in Sources */,
				504602232C94863A00FCC20A /* PeopleDetailsViewModel.swift in Sources */,
				504602272C948A1100FCC20A /* View+Extension.swift in Sources */,
				504602012C92D3DE00FCC20A /* BundleExtension.swift in Sources */,
			);
			runOnlyForDeploymentPostprocessing = 0;
		};
		504601B52C919D4100FCC20A /* Sources */ = {
			isa = PBXSourcesBuildPhase;
			buildActionMask = 2147483647;
			files = (
				504602492C973E0700FCC20A /* TestCaseExtension.swift in Sources */,
				504602022C92D3DE00FCC20A /* BundleExtension.swift in Sources */,
				504601BE2C919D4100FCC20A /* moovuptestTests.swift in Sources */,
				504601F92C92CF3500FCC20A /* Users.swift in Sources */,
				504601FC2C92D26D00FCC20A /* ApiServices.swift in Sources */,
			);
			runOnlyForDeploymentPostprocessing = 0;
		};
		504601BF2C919D4100FCC20A /* Sources */ = {
			isa = PBXSourcesBuildPhase;
			buildActionMask = 2147483647;
			files = (
				504601CA2C919D4100FCC20A /* moovuptestUITestsLaunchTests.swift in Sources */,
				504601C82C919D4100FCC20A /* moovuptestUITests.swift in Sources */,
			);
			runOnlyForDeploymentPostprocessing = 0;
		};
/* End PBXSourcesBuildPhase section */

/* Begin PBXTargetDependency section */
		504601BB2C919D4100FCC20A /* PBXTargetDependency */ = {
			isa = PBXTargetDependency;
			target = 504601A82C919D4000FCC20A /* moovuptest */;
			targetProxy = 504601BA2C919D4100FCC20A /* PBXContainerItemProxy */;
		};
		504601C52C919D4100FCC20A /* PBXTargetDependency */ = {
			isa = PBXTargetDependency;
			target = 504601A82C919D4000FCC20A /* moovuptest */;
			targetProxy = 504601C42C919D4100FCC20A /* PBXContainerItemProxy */;
		};
/* End PBXTargetDependency section */

/* Begin XCBuildConfiguration section */
		504601CB2C919D4100FCC20A /* Debug */ = {
			isa = XCBuildConfiguration;
			baseConfigurationReference = 504602032C92D4F500FCC20A /* shared.xcconfig */;
			buildSettings = {
				ALWAYS_SEARCH_USER_PATHS = NO;
				ASSETCATALOG_COMPILER_GENERATE_SWIFT_ASSET_SYMBOL_EXTENSIONS = YES;
				CLANG_ANALYZER_NONNULL = YES;
				CLANG_ANALYZER_NUMBER_OBJECT_CONVERSION = YES_AGGRESSIVE;
				CLANG_CXX_LANGUAGE_STANDARD = "gnu++20";
				CLANG_ENABLE_MODULES = YES;
				CLANG_ENABLE_OBJC_ARC = YES;
				CLANG_ENABLE_OBJC_WEAK = YES;
				CLANG_WARN_BLOCK_CAPTURE_AUTORELEASING = YES;
				CLANG_WARN_BOOL_CONVERSION = YES;
				CLANG_WARN_COMMA = YES;
				CLANG_WARN_CONSTANT_CONVERSION = YES;
				CLANG_WARN_DEPRECATED_OBJC_IMPLEMENTATIONS = YES;
				CLANG_WARN_DIRECT_OBJC_ISA_USAGE = YES_ERROR;
				CLANG_WARN_DOCUMENTATION_COMMENTS = YES;
				CLANG_WARN_EMPTY_BODY = YES;
				CLANG_WARN_ENUM_CONVERSION = YES;
				CLANG_WARN_INFINITE_RECURSION = YES;
				CLANG_WARN_INT_CONVERSION = YES;
				CLANG_WARN_NON_LITERAL_NULL_CONVERSION = YES;
				CLANG_WARN_OBJC_IMPLICIT_RETAIN_SELF = YES;
				CLANG_WARN_OBJC_LITERAL_CONVERSION = YES;
				CLANG_WARN_OBJC_ROOT_CLASS = YES_ERROR;
				CLANG_WARN_QUOTED_INCLUDE_IN_FRAMEWORK_HEADER = YES;
				CLANG_WARN_RANGE_LOOP_ANALYSIS = YES;
				CLANG_WARN_STRICT_PROTOTYPES = YES;
				CLANG_WARN_SUSPICIOUS_MOVE = YES;
				CLANG_WARN_UNGUARDED_AVAILABILITY = YES_AGGRESSIVE;
				CLANG_WARN_UNREACHABLE_CODE = YES;
				CLANG_WARN__DUPLICATE_METHOD_MATCH = YES;
				COPY_PHASE_STRIP = NO;
				DEBUG_INFORMATION_FORMAT = dwarf;
				ENABLE_STRICT_OBJC_MSGSEND = YES;
				ENABLE_TESTABILITY = YES;
				ENABLE_USER_SCRIPT_SANDBOXING = YES;
				GCC_C_LANGUAGE_STANDARD = gnu17;
				GCC_DYNAMIC_NO_PIC = NO;
				GCC_NO_COMMON_BLOCKS = YES;
				GCC_OPTIMIZATION_LEVEL = 0;
				GCC_PREPROCESSOR_DEFINITIONS = (
					"DEBUG=1",
					"$(inherited)",
				);
				GCC_WARN_64_TO_32_BIT_CONVERSION = YES;
				GCC_WARN_ABOUT_RETURN_TYPE = YES_ERROR;
				GCC_WARN_UNDECLARED_SELECTOR = YES;
				GCC_WARN_UNINITIALIZED_AUTOS = YES_AGGRESSIVE;
				GCC_WARN_UNUSED_FUNCTION = YES;
				GCC_WARN_UNUSED_VARIABLE = YES;
				IPHONEOS_DEPLOYMENT_TARGET = 16.0;
				LOCALIZATION_PREFERS_STRING_CATALOGS = YES;
				MTL_ENABLE_DEBUG_INFO = INCLUDE_SOURCE;
				MTL_FAST_MATH = YES;
				ONLY_ACTIVE_ARCH = YES;
				SDKROOT = iphoneos;
				SWIFT_ACTIVE_COMPILATION_CONDITIONS = "DEBUG $(inherited)";
				SWIFT_OPTIMIZATION_LEVEL = "-Onone";
			};
			name = Debug;
		};
		504601CC2C919D4100FCC20A /* Release */ = {
			isa = XCBuildConfiguration;
			baseConfigurationReference = 504602032C92D4F500FCC20A /* shared.xcconfig */;
			buildSettings = {
				ALWAYS_SEARCH_USER_PATHS = NO;
				ASSETCATALOG_COMPILER_GENERATE_SWIFT_ASSET_SYMBOL_EXTENSIONS = YES;
				CLANG_ANALYZER_NONNULL = YES;
				CLANG_ANALYZER_NUMBER_OBJECT_CONVERSION = YES_AGGRESSIVE;
				CLANG_CXX_LANGUAGE_STANDARD = "gnu++20";
				CLANG_ENABLE_MODULES = YES;
				CLANG_ENABLE_OBJC_ARC = YES;
				CLANG_ENABLE_OBJC_WEAK = YES;
				CLANG_WARN_BLOCK_CAPTURE_AUTORELEASING = YES;
				CLANG_WARN_BOOL_CONVERSION = YES;
				CLANG_WARN_COMMA = YES;
				CLANG_WARN_CONSTANT_CONVERSION = YES;
				CLANG_WARN_DEPRECATED_OBJC_IMPLEMENTATIONS = YES;
				CLANG_WARN_DIRECT_OBJC_ISA_USAGE = YES_ERROR;
				CLANG_WARN_DOCUMENTATION_COMMENTS = YES;
				CLANG_WARN_EMPTY_BODY = YES;
				CLANG_WARN_ENUM_CONVERSION = YES;
				CLANG_WARN_INFINITE_RECURSION = YES;
				CLANG_WARN_INT_CONVERSION = YES;
				CLANG_WARN_NON_LITERAL_NULL_CONVERSION = YES;
				CLANG_WARN_OBJC_IMPLICIT_RETAIN_SELF = YES;
				CLANG_WARN_OBJC_LITERAL_CONVERSION = YES;
				CLANG_WARN_OBJC_ROOT_CLASS = YES_ERROR;
				CLANG_WARN_QUOTED_INCLUDE_IN_FRAMEWORK_HEADER = YES;
				CLANG_WARN_RANGE_LOOP_ANALYSIS = YES;
				CLANG_WARN_STRICT_PROTOTYPES = YES;
				CLANG_WARN_SUSPICIOUS_MOVE = YES;
				CLANG_WARN_UNGUARDED_AVAILABILITY = YES_AGGRESSIVE;
				CLANG_WARN_UNREACHABLE_CODE = YES;
				CLANG_WARN__DUPLICATE_METHOD_MATCH = YES;
				COPY_PHASE_STRIP = NO;
				DEBUG_INFORMATION_FORMAT = "dwarf-with-dsym";
				ENABLE_NS_ASSERTIONS = NO;
				ENABLE_STRICT_OBJC_MSGSEND = YES;
				ENABLE_USER_SCRIPT_SANDBOXING = YES;
				GCC_C_LANGUAGE_STANDARD = gnu17;
				GCC_NO_COMMON_BLOCKS = YES;
				GCC_WARN_64_TO_32_BIT_CONVERSION = YES;
				GCC_WARN_ABOUT_RETURN_TYPE = YES_ERROR;
				GCC_WARN_UNDECLARED_SELECTOR = YES;
				GCC_WARN_UNINITIALIZED_AUTOS = YES_AGGRESSIVE;
				GCC_WARN_UNUSED_FUNCTION = YES;
				GCC_WARN_UNUSED_VARIABLE = YES;
				IPHONEOS_DEPLOYMENT_TARGET = 16.0;
				LOCALIZATION_PREFERS_STRING_CATALOGS = YES;
				MTL_ENABLE_DEBUG_INFO = NO;
				MTL_FAST_MATH = YES;
				SDKROOT = iphoneos;
				SWIFT_COMPILATION_MODE = wholemodule;
				VALIDATE_PRODUCT = YES;
			};
			name = Release;
		};
		504601CE2C919D4100FCC20A /* Debug */ = {
			isa = XCBuildConfiguration;
			buildSettings = {
				ASSETCATALOG_COMPILER_APPICON_NAME = AppIcon;
				ASSETCATALOG_COMPILER_GLOBAL_ACCENT_COLOR_NAME = AccentColor;
				CODE_SIGN_STYLE = Automatic;
				CURRENT_PROJECT_VERSION = 1;
				DEVELOPMENT_ASSET_PATHS = "\"moovuptest/Preview Content\"";
				DEVELOPMENT_TEAM = GCW5PJKPNB;
				ENABLE_PREVIEWS = YES;
				GENERATE_INFOPLIST_FILE = YES;
				INFOPLIST_FILE = moovuptest/Info.plist;
				INFOPLIST_KEY_CFBundleDisplayName = "";
				INFOPLIST_KEY_LSApplicationCategoryType = "";
				INFOPLIST_KEY_UIApplicationSceneManifest_Generation = YES;
				INFOPLIST_KEY_UIApplicationSupportsIndirectInputEvents = YES;
				INFOPLIST_KEY_UILaunchScreen_Generation = YES;
				INFOPLIST_KEY_UISupportedInterfaceOrientations = UIInterfaceOrientationPortrait;
				IPHONEOS_DEPLOYMENT_TARGET = 16.0;
				LD_RUNPATH_SEARCH_PATHS = (
					"$(inherited)",
					"@executable_path/Frameworks",
				);
				MARKETING_VERSION = 1.0;
				PRODUCT_BUNDLE_IDENTIFIER = max.moovuptest;
				PRODUCT_NAME = "$(TARGET_NAME)";
				SUPPORTED_PLATFORMS = "iphoneos iphonesimulator";
				SUPPORTS_MACCATALYST = NO;
				SUPPORTS_MAC_DESIGNED_FOR_IPHONE_IPAD = NO;
				SUPPORTS_XR_DESIGNED_FOR_IPHONE_IPAD = NO;
				SWIFT_EMIT_LOC_STRINGS = YES;
				SWIFT_VERSION = 5.0;
				TARGETED_DEVICE_FAMILY = "1,2";
			};
			name = Debug;
		};
		504601CF2C919D4100FCC20A /* Release */ = {
			isa = XCBuildConfiguration;
			buildSettings = {
				ASSETCATALOG_COMPILER_APPICON_NAME = AppIcon;
				ASSETCATALOG_COMPILER_GLOBAL_ACCENT_COLOR_NAME = AccentColor;
				CODE_SIGN_STYLE = Automatic;
				CURRENT_PROJECT_VERSION = 1;
				DEVELOPMENT_ASSET_PATHS = "\"moovuptest/Preview Content\"";
				DEVELOPMENT_TEAM = GCW5PJKPNB;
				ENABLE_PREVIEWS = YES;
				GENERATE_INFOPLIST_FILE = YES;
				INFOPLIST_FILE = moovuptest/Info.plist;
				INFOPLIST_KEY_CFBundleDisplayName = "";
				INFOPLIST_KEY_LSApplicationCategoryType = "";
				INFOPLIST_KEY_UIApplicationSceneManifest_Generation = YES;
				INFOPLIST_KEY_UIApplicationSupportsIndirectInputEvents = YES;
				INFOPLIST_KEY_UILaunchScreen_Generation = YES;
				INFOPLIST_KEY_UISupportedInterfaceOrientations = UIInterfaceOrientationPortrait;
				IPHONEOS_DEPLOYMENT_TARGET = 16.0;
				LD_RUNPATH_SEARCH_PATHS = (
					"$(inherited)",
					"@executable_path/Frameworks",
				);
				MARKETING_VERSION = 1.0;
				PRODUCT_BUNDLE_IDENTIFIER = max.moovuptest;
				PRODUCT_NAME = "$(TARGET_NAME)";
				SUPPORTED_PLATFORMS = "iphoneos iphonesimulator";
				SUPPORTS_MACCATALYST = NO;
				SUPPORTS_MAC_DESIGNED_FOR_IPHONE_IPAD = NO;
				SUPPORTS_XR_DESIGNED_FOR_IPHONE_IPAD = NO;
				SWIFT_EMIT_LOC_STRINGS = YES;
				SWIFT_VERSION = 5.0;
				TARGETED_DEVICE_FAMILY = "1,2";
			};
			name = Release;
		};
		504601D12C919D4100FCC20A /* Debug */ = {
			isa = XCBuildConfiguration;
			buildSettings = {
				ALWAYS_EMBED_SWIFT_STANDARD_LIBRARIES = YES;
				BUNDLE_LOADER = "$(TEST_HOST)";
				CODE_SIGN_STYLE = Automatic;
				CURRENT_PROJECT_VERSION = 1;
				DEVELOPMENT_TEAM = 9A6R94HNZW;
				GENERATE_INFOPLIST_FILE = YES;
				IPHONEOS_DEPLOYMENT_TARGET = 17.5;
				MARKETING_VERSION = 1.0;
				PRODUCT_BUNDLE_IDENTIFIER = max.moovuptestTests;
				PRODUCT_NAME = "$(TARGET_NAME)";
				SWIFT_EMIT_LOC_STRINGS = NO;
				SWIFT_VERSION = 5.0;
				TARGETED_DEVICE_FAMILY = "1,2";
				TEST_HOST = "$(BUILT_PRODUCTS_DIR)/moovuptest.app/$(BUNDLE_EXECUTABLE_FOLDER_PATH)/moovuptest";
			};
			name = Debug;
		};
		504601D22C919D4100FCC20A /* Release */ = {
			isa = XCBuildConfiguration;
			buildSettings = {
				ALWAYS_EMBED_SWIFT_STANDARD_LIBRARIES = YES;
				BUNDLE_LOADER = "$(TEST_HOST)";
				CODE_SIGN_STYLE = Automatic;
				CURRENT_PROJECT_VERSION = 1;
				DEVELOPMENT_TEAM = 9A6R94HNZW;
				GENERATE_INFOPLIST_FILE = YES;
				IPHONEOS_DEPLOYMENT_TARGET = 17.5;
				MARKETING_VERSION = 1.0;
				PRODUCT_BUNDLE_IDENTIFIER = max.moovuptestTests;
				PRODUCT_NAME = "$(TARGET_NAME)";
				SWIFT_EMIT_LOC_STRINGS = NO;
				SWIFT_VERSION = 5.0;
				TARGETED_DEVICE_FAMILY = "1,2";
				TEST_HOST = "$(BUILT_PRODUCTS_DIR)/moovuptest.app/$(BUNDLE_EXECUTABLE_FOLDER_PATH)/moovuptest";
			};
			name = Release;
		};
		504601D42C919D4100FCC20A /* Debug */ = {
			isa = XCBuildConfiguration;
			buildSettings = {
				ALWAYS_EMBED_SWIFT_STANDARD_LIBRARIES = YES;
				CODE_SIGN_STYLE = Automatic;
				CURRENT_PROJECT_VERSION = 1;
				DEVELOPMENT_TEAM = 9A6R94HNZW;
				GENERATE_INFOPLIST_FILE = YES;
				MARKETING_VERSION = 1.0;
				PRODUCT_BUNDLE_IDENTIFIER = max.moovuptestUITests;
				PRODUCT_NAME = "$(TARGET_NAME)";
				SWIFT_EMIT_LOC_STRINGS = NO;
				SWIFT_VERSION = 5.0;
				TARGETED_DEVICE_FAMILY = "1,2";
				TEST_TARGET_NAME = moovuptest;
			};
			name = Debug;
		};
		504601D52C919D4100FCC20A /* Release */ = {
			isa = XCBuildConfiguration;
			buildSettings = {
				ALWAYS_EMBED_SWIFT_STANDARD_LIBRARIES = YES;
				CODE_SIGN_STYLE = Automatic;
				CURRENT_PROJECT_VERSION = 1;
				DEVELOPMENT_TEAM = 9A6R94HNZW;
				GENERATE_INFOPLIST_FILE = YES;
				MARKETING_VERSION = 1.0;
				PRODUCT_BUNDLE_IDENTIFIER = max.moovuptestUITests;
				PRODUCT_NAME = "$(TARGET_NAME)";
				SWIFT_EMIT_LOC_STRINGS = NO;
				SWIFT_VERSION = 5.0;
				TARGETED_DEVICE_FAMILY = "1,2";
				TEST_TARGET_NAME = moovuptest;
			};
			name = Release;
		};
/* End XCBuildConfiguration section */

/* Begin XCConfigurationList section */
		504601A42C919D4000FCC20A /* Build configuration list for PBXProject "moovuptest" */ = {
			isa = XCConfigurationList;
			buildConfigurations = (
				504601CB2C919D4100FCC20A /* Debug */,
				504601CC2C919D4100FCC20A /* Release */,
			);
			defaultConfigurationIsVisible = 0;
			defaultConfigurationName = Release;
		};
		504601CD2C919D4100FCC20A /* Build configuration list for PBXNativeTarget "moovuptest" */ = {
			isa = XCConfigurationList;
			buildConfigurations = (
				504601CE2C919D4100FCC20A /* Debug */,
				504601CF2C919D4100FCC20A /* Release */,
			);
			defaultConfigurationIsVisible = 0;
			defaultConfigurationName = Release;
		};
		504601D02C919D4100FCC20A /* Build configuration list for PBXNativeTarget "moovuptestTests" */ = {
			isa = XCConfigurationList;
			buildConfigurations = (
				504601D12C919D4100FCC20A /* Debug */,
				504601D22C919D4100FCC20A /* Release */,
			);
			defaultConfigurationIsVisible = 0;
			defaultConfigurationName = Release;
		};
		504601D32C919D4100FCC20A /* Build configuration list for PBXNativeTarget "moovuptestUITests" */ = {
			isa = XCConfigurationList;
			buildConfigurations = (
				504601D42C919D4100FCC20A /* Debug */,
				504601D52C919D4100FCC20A /* Release */,
			);
			defaultConfigurationIsVisible = 0;
			defaultConfigurationName = Release;
		};
/* End XCConfigurationList section */

/* Begin XCRemoteSwiftPackageReference section */
		504601E52C91A9E100FCC20A /* XCRemoteSwiftPackageReference "Alamofire" */ = {
			isa = XCRemoteSwiftPackageReference;
			repositoryURL = "https://github.com/Alamofire/Alamofire.git";
			requirement = {
				kind = upToNextMajorVersion;
				minimumVersion = 5.9.1;
			};
		};
		504602132C940B4900FCC20A /* XCRemoteSwiftPackageReference "SDWebImageSwiftUI" */ = {
			isa = XCRemoteSwiftPackageReference;
			repositoryURL = "https://github.com/SDWebImage/SDWebImageSwiftUI.git";
			requirement = {
				kind = upToNextMajorVersion;
				minimumVersion = 3.1.2;
			};
		};
		504602322C949B4E00FCC20A /* XCRemoteSwiftPackageReference "ios-maps-sdk" */ = {
			isa = XCRemoteSwiftPackageReference;
			repositoryURL = "https://github.com/googlemaps/ios-maps-sdk";
			requirement = {
				kind = upToNextMajorVersion;
				minimumVersion = 9.1.1;
			};
		};
/* End XCRemoteSwiftPackageReference section */

/* Begin XCSwiftPackageProductDependency section */
		504601E62C91A9E100FCC20A /* Alamofire */ = {
			isa = XCSwiftPackageProductDependency;
			package = 504601E52C91A9E100FCC20A /* XCRemoteSwiftPackageReference "Alamofire" */;
			productName = Alamofire;
		};
		504602142C940B4900FCC20A /* SDWebImageSwiftUI */ = {
			isa = XCSwiftPackageProductDependency;
			package = 504602132C940B4900FCC20A /* XCRemoteSwiftPackageReference "SDWebImageSwiftUI" */;
			productName = SDWebImageSwiftUI;
		};
		504602332C949B4F00FCC20A /* GoogleMaps */ = {
			isa = XCSwiftPackageProductDependency;
			package = 504602322C949B4E00FCC20A /* XCRemoteSwiftPackageReference "ios-maps-sdk" */;
			productName = GoogleMaps;
		};
/* End XCSwiftPackageProductDependency section */
	};
	rootObject = 504601A12C919D4000FCC20A /* Project object */;
}
